{
  "requires": true,
  "lockfileVersion": 1,
  "dependencies": {
    "@types/angular": {
      "version": "1.6.54",
      "resolved": "https://registry.npm.taobao.org/@types/angular/download/@types/angular-1.6.54.tgz",
      "integrity": "sha1-+dWgPk2nsCGm2r5dY+iZ7UVnpb0=",
      "dev": true
    }
  }
}
